// !$*UTF8*$!
{
	archiveVersion = 1;
	classes = {
	};
	objectVersion = 50;
	objects = {

/* Begin PBXBuildFile section */
		FCE1949B2679793A007E3FD6 /* AppDelegate.swift in Sources */ = {isa = PBXBuildFile; fileRef = FCE1949A2679793A007E3FD6 /* AppDelegate.swift */; };
		FCE1949D2679793A007E3FD6 /* SceneDelegate.swift in Sources */ = {isa = PBXBuildFile; fileRef = FCE1949C2679793A007E3FD6 /* SceneDelegate.swift */; };
		FCE1949F2679793A007E3FD6 /* ViewController.swift in Sources */ = {isa = PBXBuildFile; fileRef = FCE1949E2679793A007E3FD6 /* ViewController.swift */; };
		FCE194A22679793B007E3FD6 /* Main.storyboard in Resources */ = {isa = PBXBuildFile; fileRef = FCE194A02679793B007E3FD6 /* Main.storyboard */; };
		FCE194A426797943007E3FD6 /* Assets.xcassets in Resources */ = {isa = PBXBuildFile; fileRef = FCE194A326797943007E3FD6 /* Assets.xcassets */; };
		FCE194A726797943007E3FD6 /* LaunchScreen.storyboard in Resources */ = {isa = PBXBuildFile; fileRef = FCE194A526797943007E3FD6 /* LaunchScreen.storyboard */; };
		FCE194AF26797994007E3FD6 /* ImageInfo.swift in Sources */ = {isa = PBXBuildFile; fileRef = FCE194AE26797994007E3FD6 /* ImageInfo.swift */; };
		FCE194B1267ADB76007E3FD6 /* CatAPI.swift in Sources */ = {isa = PBXBuildFile; fileRef = FCE194B0267ADB76007E3FD6 /* CatAPI.swift */; };
/* End PBXBuildFile section */

/* Begin PBXFileReference section */
		FCE194972679793A007E3FD6 /* CatPhotoApp.app */ = {isa = PBXFileReference; explicitFileType = wrapper.application; includeInIndex = 0; path = CatPhotoApp.app; sourceTree = BUILT_PRODUCTS_DIR; };
		FCE1949A2679793A007E3FD6 /* AppDelegate.swift */ = {isa = PBXFileReference; lastKnownFileType = sourcecode.swift; path = AppDelegate.swift; sourceTree = "<group>"; };
		FCE1949C2679793A007E3FD6 /* SceneDelegate.swift */ = {isa = PBXFileReference; lastKnownFileType = sourcecode.swift; path = SceneDelegate.swift; sourceTree = "<group>"; };
		FCE1949E2679793A007E3FD6 /* ViewController.swift */ = {isa = PBXFileReference; lastKnownFileType = sourcecode.swift; path = ViewController.swift; sourceTree = "<group>"; };
		FCE194A12679793B007E3FD6 /* Base */ = {isa = PBXFileReference; lastKnownFileType = file.storyboard; name = Base; path = Base.lproj/Main.storyboard; sourceTree = "<group>"; };
		FCE194A326797943007E3FD6 /* Assets.xcassets */ = {isa = PBXFileReference; lastKnownFileType = folder.assetcatalog; path = Assets.xcassets; sourceTree = "<group>"; };
		FCE194A626797943007E3FD6 /* Base */ = {isa = PBXFileReference; lastKnownFileType = file.storyboard; name = Base; path = Base.lproj/LaunchScreen.storyboard; sourceTree = "<group>"; };
		FCE194A826797943007E3FD6 /* Info.plist */ = {isa = PBXFileReference; lastKnownFileType = text.plist.xml; path = Info.plist; sourceTree = "<group>"; };
		FCE194AE26797994007E3FD6 /* ImageInfo.swift */ = {isa = PBXFileReference; lastKnownFileType = sourcecode.swift; path = ImageInfo.swift; sourceTree = "<group>"; };
		FCE194B0267ADB76007E3FD6 /* CatAPI.swift */ = {isa = PBXFileReference; lastKnownFileType = sourcecode.swift; path = CatAPI.swift; sourceTree = "<group>"; };
/* End PBXFileReference section */

/* Begin PBXFrameworksBuildPhase section */
		FCE194942679793A007E3FD6 /* Frameworks */ = {
			isa = PBXFrameworksBuildPhase;
			buildActionMask = 2147483647;
			files = (
			);
			runOnlyForDeploymentPostprocessing = 0;
		};
/* End PBXFrameworksBuildPhase section */

/* Begin PBXGroup section */
		FCE1948E2679793A007E3FD6 = {
			isa = PBXGroup;
			children = (
				FCE194992679793A007E3FD6 /* CatPhotoApp */,
				FCE194982679793A007E3FD6 /* Products */,
			);
			sourceTree = "<group>";
		};
		FCE194982679793A007E3FD6 /* Products */ = {
			isa = PBXGroup;
			children = (
				FCE194972679793A007E3FD6 /* CatPhotoApp.app */,
			);
			name = Products;
			sourceTree = "<group>";
		};
		FCE194992679793A007E3FD6 /* CatPhotoApp */ = {
			isa = PBXGroup;
			children = (
				FCE1949A2679793A007E3FD6 /* AppDelegate.swift */,
				FCE1949C2679793A007E3FD6 /* SceneDelegate.swift */,
				FCE1949E2679793A007E3FD6 /* ViewController.swift */,
				FCE194AE26797994007E3FD6 /* ImageInfo.swift */,
				FCE194B0267ADB76007E3FD6 /* CatAPI.swift */,
				FCE194A02679793B007E3FD6 /* Main.storyboard */,
				FCE194A326797943007E3FD6 /* Assets.xcassets */,
				FCE194A526797943007E3FD6 /* LaunchScreen.storyboard */,
				FCE194A826797943007E3FD6 /* Info.plist */,
			);
			path = CatPhotoApp;
			sourceTree = "<group>";
		};
/* End PBXGroup section */

/* Begin PBXNativeTarget section */
		FCE194962679793A007E3FD6 /* CatPhotoApp */ = {
			isa = PBXNativeTarget;
			buildConfigurationList = FCE194AB26797943007E3FD6 /* Build configuration list for PBXNativeTarget "CatPhotoApp" */;
			buildPhases = (
				FCE194932679793A007E3FD6 /* Sources */,
				FCE194942679793A007E3FD6 /* Frameworks */,
				FCE194952679793A007E3FD6 /* Resources */,
			);
			buildRules = (
			);
			dependencies = (
			);
			name = CatPhotoApp;
			productName = CatPhotoApp;
			productReference = FCE194972679793A007E3FD6 /* CatPhotoApp.app */;
			productType = "com.apple.product-type.application";
		};
/* End PBXNativeTarget section */

/* Begin PBXProject section */
		FCE1948F2679793A007E3FD6 /* Project object */ = {
			isa = PBXProject;
			attributes = {
				LastSwiftUpdateCheck = 1250;
				LastUpgradeCheck = 1250;
				TargetAttributes = {
					FCE194962679793A007E3FD6 = {
						CreatedOnToolsVersion = 12.5;
					};
				};
			};
			buildConfigurationList = FCE194922679793A007E3FD6 /* Build configuration list for PBXProject "CatPhotoApp" */;
			compatibilityVersion = "Xcode 9.3";
			developmentRegion = en;
			hasScannedForEncodings = 0;
			knownRegions = (
				en,
				Base,
			);
			mainGroup = FCE1948E2679793A007E3FD6;
			productRefGroup = FCE194982679793A007E3FD6 /* Products */;
			projectDirPath = "";
			projectRoot = "";
			targets = (
				FCE194962679793A007E3FD6 /* CatPhotoApp */,
			);
		};
/* End PBXProject section */

/* Begin PBXResourcesBuildPhase section */
		FCE194952679793A007E3FD6 /* Resources */ = {
			isa = PBXResourcesBuildPhase;
			buildActionMask = 2147483647;
			files = (
				FCE194A726797943007E3FD6 /* LaunchScreen.storyboard in Resources */,
				FCE194A426797943007E3FD6 /* Assets.xcassets in Resources */,
				FCE194A22679793B007E3FD6 /* Main.storyboard in Resources */,
			);
			runOnlyForDeploymentPostprocessing = 0;
		};
/* End PBXResourcesBuildPhase section */

/* Begin PBXSourcesBuildPhase section */
		FCE194932679793A007E3FD6 /* Sources */ = {
			isa = PBXSourcesBuildPhase;
			buildActionMask = 2147483647;
			files = (
				FCE1949F2679793A007E3FD6 /* ViewController.swift in Sources */,
				FCE194B1267ADB76007E3FD6 /* CatAPI.swift in Sources */,
				FCE194AF26797994007E3FD6 /* ImageInfo.swift in Sources */,
				FCE1949B2679793A007E3FD6 /* AppDelegate.swift in Sources */,
				FCE1949D2679793A007E3FD6 /* SceneDelegate.swift in Sources */,
			);
			runOnlyForDeploymentPostprocessing = 0;
		};
/* End PBXSourcesBuildPhase section */

/* Begin PBXVariantGroup section */
		FCE194A02679793B007E3FD6 /* Main.storyboard */ = {
			isa = PBXVariantGroup;
			children = (
				FCE194A12679793B007E3FD6 /* Base */,
			);
			name = Main.storyboard;
			sourceTree = "<group>";
		};
		FCE194A526797943007E3FD6 /* LaunchScreen.storyboard */ = {
			isa = PBXVariantGroup;
			children = (
				FCE194A626797943007E3FD6 /* Base */,
			);
			name = LaunchScreen.storyboard;
			sourceTree = "<group>";
		};
/* End PBXVariantGroup section */

/* Begin XCBuildConfiguration section */
		FCE194A926797943007E3FD6 /* Debug */ = {
			isa = XCBuildConfiguration;
			buildSettings = {
				ALWAYS_SEARCH_USER_PATHS = NO;
				CLANG_ANALYZER_NONNULL = YES;
				CLANG_ANALYZER_NUMBER_OBJECT_CONVERSION = YES_AGGRESSIVE;
				CLANG_CXX_LANGUAGE_STANDARD = "gnu++14";
				CLANG_CXX_LIBRARY = "libc++";
				CLANG_ENABLE_MODULES = YES;
				CLANG_ENABLE_OBJC_ARC = YES;
				CLANG_ENABLE_OBJC_WEAK = YES;
				CLANG_WARN_BLOCK_CAPTURE_AUTORELEASING = YES;
				CLANG_WARN_BOOL_CONVERSION = YES;
				CLANG_WARN_COMMA = YES;
				CLANG_WARN_CONSTANT_CONVERSION = YES;
				CLANG_WARN_DEPRECATED_OBJC_IMPLEMENTATIONS = YES;
				CLANG_WARN_DIRECT_OBJC_ISA_USAGE = YES_ERROR;
				CLANG_WARN_DOCUMENTATION_COMMENTS = YES;
				CLANG_WARN_EMPTY_BODY = YES;
				CLANG_WARN_ENUM_CONVERSION = YES;
				CLANG_WARN_INFINITE_RECURSION = YES;
				CLANG_WARN_INT_CONVERSION = YES;
				CLANG_WARN_NON_LITERAL_NULL_CONVERSION = YES;
				CLANG_WARN_OBJC_IMPLICIT_RETAIN_SELF = YES;
				CLANG_WARN_OBJC_LITERAL_CONVERSION = YES;
				CLANG_WARN_OBJC_ROOT_CLASS = YES_ERROR;
				CLANG_WARN_QUOTED_INCLUDE_IN_FRAMEWORK_HEADER = YES;
				CLANG_WARN_RANGE_LOOP_ANALYSIS = YES;
				CLANG_WARN_STRICT_PROTOTYPES = YES;
				CLANG_WARN_SUSPICIOUS_MOVE = YES;
				CLANG_WARN_UNGUARDED_AVAILABILITY = YES_AGGRESSIVE;
				CLANG_WARN_UNREACHABLE_CODE = YES;
				CLANG_WARN__DUPLICATE_METHOD_MATCH = YES;
				COPY_PHASE_STRIP = NO;
				DEBUG_INFORMATION_FORMAT = dwarf;
				ENABLE_STRICT_OBJC_MSGSEND = YES;
				ENABLE_TESTABILITY = YES;
				GCC_C_LANGUAGE_STANDARD = gnu11;
				GCC_DYNAMIC_NO_PIC = NO;
				GCC_NO_COMMON_BLOCKS = YES;
				GCC_OPTIMIZATION_LEVEL = 0;
				GCC_PREPROCESSOR_DEFINITIONS = (
					"DEBUG=1",
					"$(inherited)",
				);
				GCC_WARN_64_TO_32_BIT_CONVERSION = YES;
				GCC_WARN_ABOUT_RETURN_TYPE = YES_ERROR;
				GCC_WARN_UNDECLARED_SELECTOR = YES;
				GCC_WARN_UNINITIALIZED_AUTOS = YES_AGGRESSIVE;
				GCC_WARN_UNUSED_FUNCTION = YES;
				GCC_WARN_UNUSED_VARIABLE = YES;
				IPHONEOS_DEPLOYMENT_TARGET = 14.5;
				MTL_ENABLE_DEBUG_INFO = INCLUDE_SOURCE;
				MTL_FAST_MATH = YES;
				ONLY_ACTIVE_ARCH = YES;
				SDKROOT = iphoneos;
				SWIFT_ACTIVE_COMPILATION_CONDITIONS = DEBUG;
				SWIFT_OPTIMIZATION_LEVEL = "-Onone";
			};
			name = Debug;
		};
		FCE194AA26797943007E3FD6 /* Release */ = {
			isa = XCBuildConfiguration;
			buildSettings = {
				ALWAYS_SEARCH_USER_PATHS = NO;
				CLANG_ANALYZER_NONNULL = YES;
				CLANG_ANALYZER_NUMBER_OBJECT_CONVERSION = YES_AGGRESSIVE;
				CLANG_CXX_LANGUAGE_STANDARD = "gnu++14";
				CLANG_CXX_LIBRARY = "libc++";
				CLANG_ENABLE_MODULES = YES;
				CLANG_ENABLE_OBJC_ARC = YES;
				CLANG_ENABLE_OBJC_WEAK = YES;
				CLANG_WARN_BLOCK_CAPTURE_AUTORELEASING = YES;
				CLANG_WARN_BOOL_CONVERSION = YES;
				CLANG_WARN_COMMA = YES;
				CLANG_WARN_CONSTANT_CONVERSION = YES;
				CLANG_WARN_DEPRECATED_OBJC_IMPLEMENTATIONS = YES;
				CLANG_WARN_DIRECT_OBJC_ISA_USAGE = YES_ERROR;
				CLANG_WARN_DOCUMENTATION_COMMENTS = YES;
				CLANG_WARN_EMPTY_BODY = YES;
				CLANG_WARN_ENUM_CONVERSION = YES;
				CLANG_WARN_INFINITE_RECURSION = YES;
				CLANG_WARN_INT_CONVERSION = YES;
				CLANG_WARN_NON_LITERAL_NULL_CONVERSION = YES;
				CLANG_WARN_OBJC_IMPLICIT_RETAIN_SELF = YES;
				CLANG_WARN_OBJC_LITERAL_CONVERSION = YES;
				CLANG_WARN_OBJC_ROOT_CLASS = YES_ERROR;
				CLANG_WARN_QUOTED_INCLUDE_IN_FRAMEWORK_HEADER = YES;
				CLANG_WARN_RANGE_LOOP_ANALYSIS = YES;
				CLANG_WARN_STRICT_PROTOTYPES = YES;
				CLANG_WARN_SUSPICIOUS_MOVE = YES;
				CLANG_WARN_UNGUARDED_AVAILABILITY = YES_AGGRESSIVE;
				CLANG_WARN_UNREACHABLE_CODE = YES;
				CLANG_WARN__DUPLICATE_METHOD_MATCH = YES;
				COPY_PHASE_STRIP = NO;
				DEBUG_INFORMATION_FORMAT = "dwarf-with-dsym";
				ENABLE_NS_ASSERTIONS = NO;
				ENABLE_STRICT_OBJC_MSGSEND = YES;
				GCC_C_LANGUAGE_STANDARD = gnu11;
				GCC_NO_COMMON_BLOCKS = YES;
				GCC_WARN_64_TO_32_BIT_CONVERSION = YES;
				GCC_WARN_ABOUT_RETURN_TYPE = YES_ERROR;
				GCC_WARN_UNDECLARED_SELECTOR = YES;
				GCC_WARN_UNINITIALIZED_AUTOS = YES_AGGRESSIVE;
				GCC_WARN_UNUSED_FUNCTION = YES;
				GCC_WARN_UNUSED_VARIABLE = YES;
				IPHONEOS_DEPLOYMENT_TARGET = 14.5;
				MTL_ENABLE_DEBUG_INFO = NO;
				MTL_FAST_MATH = YES;
				SDKROOT = iphoneos;
				SWIFT_COMPILATION_MODE = wholemodule;
				SWIFT_OPTIMIZATION_LEVEL = "-O";
				VALIDATE_PRODUCT = YES;
			};
			name = Release;
		};
		FCE194AC26797943007E3FD6 /* Debug */ = {
			isa = XCBuildConfiguration;
			buildSettings = {
				ASSETCATALOG_COMPILER_APPICON_NAME = AppIcon;
				ASSETCATALOG_COMPILER_GLOBAL_ACCENT_COLOR_NAME = AccentColor;
				CODE_SIGN_STYLE = Automatic;
				DEVELOPMENT_TEAM = 35FN5AB6A3;
				INFOPLIST_FILE = CatPhotoApp/Info.plist;
				LD_RUNPATH_SEARCH_PATHS = (
					"$(inherited)",
					"@executable_path/Frameworks",
				);
				PRODUCT_BUNDLE_IDENTIFIER = com.boldandbadass.CatPhotoApp;
				PRODUCT_NAME = "$(TARGET_NAME)";
				SWIFT_VERSION = 5.0;
				TARGETED_DEVICE_FAMILY = "1,2";
			};
			name = Debug;
		};
		FCE194AD26797943007E3FD6 /* Release */ = {
			isa = XCBuildConfiguration;
			buildSettings = {
				ASSETCATALOG_COMPILER_APPICON_NAME = AppIcon;
				ASSETCATALOG_COMPILER_GLOBAL_ACCENT_COLOR_NAME = AccentColor;
				CODE_SIGN_STYLE = Automatic;
				DEVELOPMENT_TEAM = 35FN5AB6A3;
				INFOPLIST_FILE = CatPhotoApp/Info.plist;
				LD_RUNPATH_SEARCH_PATHS = (
					"$(inherited)",
					"@executable_path/Frameworks",
				);
				PRODUCT_BUNDLE_IDENTIFIER = com.boldandbadass.CatPhotoApp;
				PRODUCT_NAME = "$(TARGET_NAME)";
				SWIFT_VERSION = 5.0;
				TARGETED_DEVICE_FAMILY = "1,2";
			};
			name = Release;
		};
/* End XCBuildConfiguration section */

/* Begin XCConfigurationList section */
		FCE194922679793A007E3FD6 /* Build configuration list for PBXProject "CatPhotoApp" */ = {
			isa = XCConfigurationList;
			buildConfigurations = (
				FCE194A926797943007E3FD6 /* Debug */,
				FCE194AA26797943007E3FD6 /* Release */,
			);
			defaultConfigurationIsVisible = 0;
			defaultConfigurationName = Release;
		};
		FCE194AB26797943007E3FD6 /* Build configuration list for PBXNativeTarget "CatPhotoApp" */ = {
			isa = XCConfigurationList;
			buildConfigurations = (
				FCE194AC26797943007E3FD6 /* Debug */,
				FCE194AD26797943007E3FD6 /* Release */,
			);
			defaultConfigurationIsVisible = 0;
			defaultConfigurationName = Release;
		};
/* End XCConfigurationList section */
	};
	rootObject = FCE1948F2679793A007E3FD6 /* Project object */;
}
